<?xml version="1.0" encoding="UTF-8" standalone="yes" ?>
<CodeBlocks_project_file>
	<FileVersion major="1" minor="6" />
	<Project>
		<Option title="microarray-biclustering" />
		<Option pch_mode="2" />
		<Option default_target="Debug" />
		<Option compiler="gcc" />
		<Build>
			<Target title="Debug">
				<Option platforms="Unix;" />
				<Option output="bin/Debug/microarray_biclustering" prefix_auto="1" extension_auto="1" />
				<Option object_output="obj/Debug/" />
				<Option type="1" />
				<Option compiler="gcc" />
				<Linker>
					<Add library="/opt/adapteva/esdk/tools/host/lib/libe-hal.so" />
					<Add library="/opt/adapteva/esdk/tools/host/lib/libe-loader.so" />
					<Add directory="/opt/adapteva/esdk/tools/host/lib" />
				</Linker>
			</Target>
			<Target title="EDebug">
				<Option platforms="Unix;" />
				<Option output="bin/Debug/e_microarray_biclustering" prefix_auto="1" extension_auto="1" />
				<Option object_output="obj/Debug/" />
				<Option type="1" />
				<Option compiler="e-gcc" />
				<Option use_console_runner="0" />
				<Linker>
					<Add library="/opt/adapteva/esdk/tools/e-gnu/epiphany-elf/lib/libe-lib.a" />
				</Linker>
				<ExtraCommands>
					<Add after="e-objcopy --srec-forceS3 --output-target srec ./bin/Debug/e_microarray_biclustering ./bin/Debug/e_microarray_biclustering.srec" />
					<Mode after="always" />
				</ExtraCommands>
			</Target>
		</Build>
		<VirtualTargets>
			<Add alias="All" targets="Debug;EDebug;" />
		</VirtualTargets>
		<Compiler>
			<Add option="-Wall" />
		</Compiler>
		<Unit filename="common.h" />
		<Unit filename="e_microarray_biclustering.c">
			<Option compilerVar="CC" />
			<Option target="EDebug" />
		</Unit>
		<Unit filename="microarray_biclustering.c">
			<Option compilerVar="CC" />
			<Option target="Debug" />
		</Unit>
		<Unit filename="static_buffers.c">
			<Option compilerVar="CC" />
			<Option target="EDebug" />
		</Unit>
		<Unit filename="static_buffers.h">
			<Option target="EDebug" />
		</Unit>
		<Extensions>
			<code_completion />
			<debugger>
				<remote_debugging target="EDebug">
					<options conn_type="0" serial_baud="115200" ip_address="192.168.0.3" ip_port="5100" skip_ld_path="1" />
				</remote_debugging>
				<remote_debugging target="Debug">
					<options conn_type="0" serial_baud="115200" skip_ld_path="1" />
				</remote_debugging>
			</debugger>
		</Extensions>
	</Project>
</CodeBlocks_project_file>
